{
  "name": "6th July Library Git Fetch",
  "lockfileVersion": 3,
  "requires": true,
  "packages": {
    "": {
      "dependencies": {
        "fetch1231231": "^1.0.2"
      }
    },
    "node_modules/fetch1231231": {
      "version": "1.0.2",
      "resolved": "https://registry.npmjs.org/fetch1231231/-/fetch1231231-1.0.2.tgz",
      "integrity": "sha512-u93bKcQE9nV0lFq6hle76iJ4Lj/UJfMJl1aeCrG5tFYs63FzxYV2N0caiCjT2UkKJegYVpNKBs31qvNZ3MMHrQ==",
      "dependencies": {
        "fetch1231231": "^1.0.0",
        "my-package": "^0.0.0"
      }
    },
    "node_modules/my-package": {
      "version": "0.0.0",
      "resolved": "https://registry.npmjs.org/my-package/-/my-package-0.0.0.tgz",
      "integrity": "sha512-2Au2tYIZqiX83bizWvvlzDAjAICfqDA/KmFA5+cR1xnKHr5D576q7SktqvEtSAIeZ0GL0uU17LUQkKiWrJK2kQ=="
    }
  }
}
